{
  "markbot": "e3e03012cdbb58b039e5cdf7fd6582c592a4f00e5b76f8d1258e85595882326f",
  "markbotignore": "030a4e6e1b3b6b510514a7ae54576e2c2ef762d56236c6414ef634955d96a126",
  "index-320.png": "48e5a5ded0bff65509718a55af2eda04d03bd20a6b5fb6594a110358744a108a",
  "index-400.png": "f35834210781ec188740d318e972773c56e5ffd84841e3c602d5d25e4f23f84b",
  "index-608.png": "17452d93f588070f4929178bfb8d8abb830363108ca50b78f31afb8e27c7a7c9",
  "index-960.png": "162ff4b512042a481fa991fa45badbc05c6c6c76cf15b431ff95cb8440783ea3",
  "index-1440.png": "3d8933d44ae88851dda2e635e1e7d923571e88d20a01ed40502d99a33f166cf0"
}